# THIS IS AN AUTOGENERATED FILE. DO NOT EDIT THIS FILE DIRECTLY.
# yarn lockfile v1


"@majesticfudgie/col-reader@^1.0.0":
  version "1.0.0"
  resolved "https://registry.yarnpkg.com/@majesticfudgie/col-reader/-/col-reader-1.0.0.tgz#4d30c55878bd2a3af5267d280b48532d2e4fe823"
  integrity sha512-EQS9KVxEWnpTgsUvaFav4pNkh/pNFkc1aNiqzfSvjyJ3Mu9n5xXSS3GeaigjgO+ZCNRpJ+d7Cdh0x4PS1LuQWA==

"@majesticfudgie/dff-reader@^2.3.2":
  version "2.3.3"
  resolved "https://registry.yarnpkg.com/@majesticfudgie/dff-reader/-/dff-reader-2.3.3.tgz#d0992f446256b24ae39e9d8f62909e26043d8ca2"
  integrity sha512-o3GCCrsxiOor3wR/qDr7WKERkKR07AoyKdmnZqBqX35soUCg56usflOlJZqvWZBUdLnObuvUdgthu/xkZjoqUg==

"@majesticfudgie/ifp-reader@^1.0.0":
  version "1.0.0"
  resolved "https://registry.yarnpkg.com/@majesticfudgie/ifp-reader/-/ifp-reader-1.0.0.tgz#8e1a49200b7d86406ff3019c7a79f4a375bab19b"
  integrity sha512-0D0idMWP4LNaZXFZQyk4nzrwEP75v4tgF8t6BRovJmsWf9bVYP/sMkiN9Zlrj2Ck61DY2aihS8jxZ6gMg//VIw==

"@majesticfudgie/img-reader@^1.1.0":
  version "1.1.1"
  resolved "https://registry.yarnpkg.com/@majesticfudgie/img-reader/-/img-reader-1.1.1.tgz#9cb58221bb666ca6f697737b33c48633111284a2"
  integrity sha512-6YJyGWFxe/mvhS66H6sUzaFCRqtDfHj4APhYQIAmTdc0pdzBx5ei8I1QtJfbAOJuv3gJipqmdjY1ZadMSK5K6w==

"@majesticfudgie/pointer-buffer@^1.0.1":
  version "1.0.1"
  resolved "https://registry.yarnpkg.com/@majesticfudgie/pointer-buffer/-/pointer-buffer-1.0.1.tgz#3786ab27879704e65d4244b7b99bba54275e58e4"
  integrity sha512-yWpoCC8fTZv2bopY9jh59EmFDkZMHUktGVFGPdCMe2q1bgIslU3C9OOd3qQIM3sF8VMnK1rQlJHleq0XDiCU/A==

"@majesticfudgie/sfx-reader@^1.0.1":
  version "1.0.1"
  resolved "https://registry.yarnpkg.com/@majesticfudgie/sfx-reader/-/sfx-reader-1.0.1.tgz#63c66c814c7e9ce6e93539d92280924cb412f513"
  integrity sha512-bEZyZU+Lf+2NRAcv/sXdrzcDGvBadGgLT3vh3utSBUCKM4MZfbsEa4REK3sMQIzhAJ8lWPQzOunZeWN2gvxdNw==
  dependencies:
    "@majesticfudgie/pointer-buffer" "^1.0.1"

"@majesticfudgie/txd-reader@^2.2.0":
  version "2.2.0"
  resolved "https://registry.yarnpkg.com/@majesticfudgie/txd-reader/-/txd-reader-2.2.0.tgz#8f334301ca3153aaaed36a7f559070bcee766a59"
  integrity sha512-KIhMo+L89qsJ79yK1xDHwIGbFmiTFq6jGz8v9UCtOdyuT0sr1hP4WzRU0ROIybZR7NNBIa5l2BwK1nNQhMs4vQ==

"@types/node@^20.14.12":
  version "20.14.12"
  resolved "https://registry.yarnpkg.com/@types/node/-/node-20.14.12.tgz#129d7c3a822cb49fc7ff661235f19cfefd422b49"
  integrity sha512-r7wNXakLeSsGT0H1AU863vS2wa5wBOK4bWMjZz2wj+8nBx+m5PeIn0k8AloSLpRuiwdRQZwarZqHE4FNArPuJQ==
  dependencies:
    undici-types "~5.26.4"

typescript@^5.5.4:
  version "5.5.4"
  resolved "https://registry.yarnpkg.com/typescript/-/typescript-5.5.4.tgz#d9852d6c82bad2d2eda4fd74a5762a8f5909e9ba"
  integrity sha512-Mtq29sKDAEYP7aljRgtPOpTvOfbwRWlS6dPRzwjdE+C0R4brX/GUyhHSecbHMFLNBLcJIPt9nl9yG5TZ1weH+Q==

undici-types@~5.26.4:
  version "5.26.5"
  resolved "https://registry.yarnpkg.com/undici-types/-/undici-types-5.26.5.tgz#bcd539893d00b56e964fd2657a4866b221a65617"
  integrity sha512-JlCMO+ehdEIKqlFxk6IfVoAUVmgz7cU7zD/h9XZ0qzeosSHmUJVOzSQvvYSYWXkFXC+IfLKSIffhv0sVZup6pA==
